
Microsoft Visual Studio Solution File, Format Version 12.00
# Visual Studio Version 16
VisualStudioVersion = 16.0.34902.97
MinimumVisualStudioVersion = 10.0.40219.1
Project("{FAE04EC0-301F-11D3-BF4B-00C04F79EFBC}") = "TestWebView2Form", "TestWebView2Form.csproj", "{6C5AD426-1700-48C0-820F-C8A90212BBA0}"
EndProject
Global
	GlobalSection(SolutionConfigurationPlatforms) = preSolution
		Debug|Any CPU = Debug|Any CPU
		Release|Any CPU = Release|Any CPU
	EndGlobalSection
	GlobalSection(ProjectConfigurationPlatforms) = postSolution
		{6C5AD426-1700-48C0-820F-C8A90212BBA0}.Debug|Any CPU.ActiveCfg = Debug|Any CPU
		{6C5AD426-1700-48C0-820F-C8A90212BBA0}.Debug|Any CPU.Build.0 = Debug|Any CPU
		{6C5AD426-1700-48C0-820F-C8A90212BBA0}.Release|Any CPU.ActiveCfg = Release|Any CPU
		{6C5AD426-1700-48C0-820F-C8A90212BBA0}.Release|Any CPU.Build.0 = Release|Any CPU
	EndGlobalSection
	GlobalSection(SolutionProperties) = preSolution
		HideSolutionNode = FALSE
	EndGlobalSection
	GlobalSection(ExtensibilityGlobals) = postSolution
		SolutionGuid = {587C18D5-CF72-4EFA-BB07-DBB35E5C0A40}
	EndGlobalSection
EndGlobal
